<?xml version="1.0" encoding="utf-8"?>
<Project ToolsVersion="4.0" xmlns="http://schemas.microsoft.com/developer/msbuild/2003">
  <ItemGroup>
    <ClCompile Include="src\jni\smq_jni.c">
      <Filter>src\jni</Filter>
    </ClCompile>
    <ClCompile Include="src\smq_errors.c">
      <Filter>src</Filter>
    </ClCompile>
    <ClCompile Include="src\smq_inst.c">
      <Filter>src</Filter>
    </ClCompile>
    <ClCompile Include="src\smq_libc.c">
      <Filter>src</Filter>
    </ClCompile>
    <ClCompile Include="src\smq_logs.c">
      <Filter>src</Filter>
    </ClCompile>
    <ClCompile Include="src\smq_os.c">
      <Filter>src</Filter>
    </ClCompile>
    <ClCompile Include="src\smq_params.c">
      <Filter>src</Filter>
    </ClCompile>
    <ClCompile Include="src\smq_utils.c">
      <Filter>src</Filter>
    </ClCompile>
  </ItemGroup>
  <ItemGroup>
    <ClInclude Include="src\smq.h">
      <Filter>src</Filter>
    </ClInclude>
    <ClInclude Include="src\jni\smq_jni.h">
      <Filter>src\jni</Filter>
    </ClInclude>
    <ClInclude Include="src\smq_res.h">
      <Filter>src</Filter>
    </ClInclude>
    <ClInclude Include="src\smq_asserts.h">
      <Filter>src</Filter>
    </ClInclude>
    <ClInclude Include="src\smq_errors.h">
      <Filter>src</Filter>
    </ClInclude>
    <ClInclude Include="src\smq_inst.h">
      <Filter>src</Filter>
    </ClInclude>
    <ClInclude Include="src\smq_layout.h">
      <Filter>src</Filter>
    </ClInclude>
    <ClInclude Include="src\smq_libc.h">
      <Filter>src</Filter>
    </ClInclude>
    <ClInclude Include="src\smq_limit.h">
      <Filter>src</Filter>
    </ClInclude>
    <ClInclude Include="src\smq_logs.h">
      <Filter>src</Filter>
    </ClInclude>
    <ClInclude Include="src\smq_os.h">
      <Filter>src</Filter>
    </ClInclude>
    <ClInclude Include="src\smq_params.h">
      <Filter>src</Filter>
    </ClInclude>
    <ClInclude Include="src\os\win.msvc\os.h">
      <Filter>src\os\win.msvc</Filter>
    </ClInclude>
    <ClInclude Include="src\smq_utils.h">
      <Filter>src</Filter>
    </ClInclude>
    <ClInclude Include="src\smq_alignpop.h">
      <Filter>src</Filter>
    </ClInclude>
    <ClInclude Include="src\smq_alignpush.h">
      <Filter>src</Filter>
    </ClInclude>
    <ClInclude Include="src\os\win.msvc\os.c.inc">
      <Filter>src\os\win.msvc</Filter>
    </ClInclude>
    <ClInclude Include="src\smq_options.h">
      <Filter>src</Filter>
    </ClInclude>
  </ItemGroup>
  <ItemGroup>
    <Filter Include="src">
      <UniqueIdentifier>{d18d0d47-3b5d-41bb-9b39-7e332e2c800b}</UniqueIdentifier>
    </Filter>
    <Filter Include="src\os">
      <UniqueIdentifier>{ec03f453-5c73-48aa-a56c-8aed75b0687f}</UniqueIdentifier>
    </Filter>
    <Filter Include="src\os\win.msvc">
      <UniqueIdentifier>{05f6156c-768d-46eb-8fce-258cb7dba551}</UniqueIdentifier>
    </Filter>
    <Filter Include="src\jni">
      <UniqueIdentifier>{1d7c0198-af45-4f9c-8ec3-ddafaeff3579}</UniqueIdentifier>
    </Filter>
  </ItemGroup>
</Project>