<?xml version="1.0" encoding="utf-8"?>
<Project ToolsVersion="4.0" xmlns="http://schemas.microsoft.com/developer/msbuild/2003">
  <ItemGroup>
    <ClCompile Include="smq_errors.c" />
    <ClCompile Include="smq_inst.c" />
    <ClCompile Include="smq_logs.c" />
    <ClCompile Include="smq_msg.c" />
    <ClCompile Include="smq_os.c" />
    <ClCompile Include="smq_params.c" />
    <ClCompile Include="smq_utils.c" />
    <ClCompile Include="jni\smq_jni.c">
      <Filter>jni</Filter>
    </ClCompile>
  </ItemGroup>
  <ItemGroup>
    <ClInclude Include="smq.h" />
    <ClInclude Include="smq_alignpop.h" />
    <ClInclude Include="smq_alignpush.h" />
    <ClInclude Include="smq_asserts.h" />
    <ClInclude Include="smq_errors.h" />
    <ClInclude Include="smq_inst.h" />
    <ClInclude Include="smq_libc.h" />
    <ClInclude Include="smq_limit.h" />
    <ClInclude Include="smq_logs.h" />
    <ClInclude Include="smq_os.h" />
    <ClInclude Include="smq_params.h" />
    <ClInclude Include="smq_res.h" />
    <ClInclude Include="smq_utils.h" />
    <ClInclude Include="jni\smq_jni.h">
      <Filter>jni</Filter>
    </ClInclude>
    <ClInclude Include="os\win.msvc\os.h">
      <Filter>os\win.msvc</Filter>
    </ClInclude>
  </ItemGroup>
  <ItemGroup>
    <Filter Include="os">
      <UniqueIdentifier>{f31cc04c-7d16-4196-9b9e-0ea1a6bfc7b8}</UniqueIdentifier>
    </Filter>
    <Filter Include="jni">
      <UniqueIdentifier>{0930b6b5-b827-4fa9-aca8-e2c6dfc32e07}</UniqueIdentifier>
    </Filter>
    <Filter Include="os\win.msvc">
      <UniqueIdentifier>{40d1313a-680e-4aec-a606-fd3e85b9bba2}</UniqueIdentifier>
    </Filter>
  </ItemGroup>
  <ItemGroup>
    <None Include="os\win.msvc\os.c.inc">
      <Filter>os\win.msvc</Filter>
    </None>
    <None Include="os\win.msvc\smq.def">
      <Filter>os\win.msvc</Filter>
    </None>
  </ItemGroup>
</Project>