
Microsoft Visual Studio Solution File, Format Version 11.00
# Visual Studio 2010
Project("{8BC9CEB8-8B4A-11D0-8D11-00A0C91BC942}") = "client", "client\client.vcxproj", "{67208E59-BE27-4D1B-AA8D-02EDF32D4DBF}"
EndProject
Project("{8BC9CEB8-8B4A-11D0-8D11-00A0C91BC942}") = "server", "server\server.vcxproj", "{B8EB2B43-1C8C-42FE-A2D8-5C8E88636DD5}"
EndProject
Global
	GlobalSection(SolutionConfigurationPlatforms) = preSolution
		Debug|Win32 = Debug|Win32
		Release|Win32 = Release|Win32
	EndGlobalSection
	GlobalSection(ProjectConfigurationPlatforms) = postSolution
		{67208E59-BE27-4D1B-AA8D-02EDF32D4DBF}.Debug|Win32.ActiveCfg = Debug|Win32
		{67208E59-BE27-4D1B-AA8D-02EDF32D4DBF}.Debug|Win32.Build.0 = Debug|Win32
		{67208E59-BE27-4D1B-AA8D-02EDF32D4DBF}.Release|Win32.ActiveCfg = Release|Win32
		{67208E59-BE27-4D1B-AA8D-02EDF32D4DBF}.Release|Win32.Build.0 = Release|Win32
		{B8EB2B43-1C8C-42FE-A2D8-5C8E88636DD5}.Debug|Win32.ActiveCfg = Debug|Win32
		{B8EB2B43-1C8C-42FE-A2D8-5C8E88636DD5}.Debug|Win32.Build.0 = Debug|Win32
		{B8EB2B43-1C8C-42FE-A2D8-5C8E88636DD5}.Release|Win32.ActiveCfg = Release|Win32
		{B8EB2B43-1C8C-42FE-A2D8-5C8E88636DD5}.Release|Win32.Build.0 = Release|Win32
	EndGlobalSection
	GlobalSection(SolutionProperties) = preSolution
		HideSolutionNode = FALSE
	EndGlobalSection
EndGlobal
