// !$*UTF8*$!
{
	archiveVersion = 1;
	classes = {
	};
	objectVersion = 48;
	objects = {

/* Begin PBXBuildFile section */
		4EF87575207838D3008A230F /* smq_inst.h in Headers */ = {isa = PBXBuildFile; fileRef = 4EF87531207838C8008A230F /* smq_inst.h */; };
		4EF87576207838D3008A230F /* smq_limit.h in Headers */ = {isa = PBXBuildFile; fileRef = 4EF87532207838C8008A230F /* smq_limit.h */; };
		4EF87577207838D3008A230F /* smq_errors.c in Sources */ = {isa = PBXBuildFile; fileRef = 4EF87533207838C8008A230F /* smq_errors.c */; };
		4EF87578207838D3008A230F /* smq_logs.h in Headers */ = {isa = PBXBuildFile; fileRef = 4EF87535207838C9008A230F /* smq_logs.h */; };
		4EF87579207838D3008A230F /* smq_asserts.h in Headers */ = {isa = PBXBuildFile; fileRef = 4EF87538207838C9008A230F /* smq_asserts.h */; };
		4EF8757A207838D3008A230F /* smq_jni.h in Headers */ = {isa = PBXBuildFile; fileRef = 4EF8753C207838CA008A230F /* smq_jni.h */; };
		4EF8757B207838D3008A230F /* smq_jni.c in Sources */ = {isa = PBXBuildFile; fileRef = 4EF8753D207838CA008A230F /* smq_jni.c */; };
		4EF8757C207838D3008A230F /* smq_logs.c in Sources */ = {isa = PBXBuildFile; fileRef = 4EF8753E207838CA008A230F /* smq_logs.c */; };
		4EF8757D207838D3008A230F /* smq_alignpop.h in Headers */ = {isa = PBXBuildFile; fileRef = 4EF87540207838CB008A230F /* smq_alignpop.h */; };
		4EF8757E207838D3008A230F /* smq_res.h in Headers */ = {isa = PBXBuildFile; fileRef = 4EF87541207838CB008A230F /* smq_res.h */; };
		4EF8757F207838D3008A230F /* smq_params.h in Headers */ = {isa = PBXBuildFile; fileRef = 4EF87542207838CB008A230F /* smq_params.h */; };
		4EF87580207838D3008A230F /* smq.h in Headers */ = {isa = PBXBuildFile; fileRef = 4EF87543207838CB008A230F /* smq.h */; };
		4EF87581207838D3008A230F /* smq_errors.h in Headers */ = {isa = PBXBuildFile; fileRef = 4EF87544207838CC008A230F /* smq_errors.h */; };
		4EF87582207838D3008A230F /* smq_alignpush.h in Headers */ = {isa = PBXBuildFile; fileRef = 4EF87545207838CC008A230F /* smq_alignpush.h */; };
		4EF87583207838D3008A230F /* smq_libc.h in Headers */ = {isa = PBXBuildFile; fileRef = 4EF87546207838CC008A230F /* smq_libc.h */; };
		4EF87584207838D3008A230F /* smq_os.c in Sources */ = {isa = PBXBuildFile; fileRef = 4EF87547207838CD008A230F /* smq_os.c */; };
		4EF87585207838D3008A230F /* smq_params.c in Sources */ = {isa = PBXBuildFile; fileRef = 4EF87548207838CD008A230F /* smq_params.c */; };
		4EF8758A207838D3008A230F /* os.h in Headers */ = {isa = PBXBuildFile; fileRef = 4EF87552207838CE008A230F /* os.h */; };
		4EF8758B207838D3008A230F /* os.c.inc in Sources */ = {isa = PBXBuildFile; fileRef = 4EF87553207838CE008A230F /* os.c.inc */; };
		4EF8758E207838D3008A230F /* smq_utils.c in Sources */ = {isa = PBXBuildFile; fileRef = 4EF87558207838CE008A230F /* smq_utils.c */; };
		4EF8758F207838D3008A230F /* smq_utils.h in Headers */ = {isa = PBXBuildFile; fileRef = 4EF87559207838CE008A230F /* smq_utils.h */; };
		4EF87590207838D3008A230F /* smq_msg.c in Sources */ = {isa = PBXBuildFile; fileRef = 4EF8755B207838CF008A230F /* smq_msg.c */; };
		4EF87594207838D3008A230F /* smq_os.h in Headers */ = {isa = PBXBuildFile; fileRef = 4EF87570207838D1008A230F /* smq_os.h */; };
		4EF87595207838D3008A230F /* smq_inst.c in Sources */ = {isa = PBXBuildFile; fileRef = 4EF87574207838D3008A230F /* smq_inst.c */; };
/* End PBXBuildFile section */

/* Begin PBXFileReference section */
		4E183DD120710D9D00252AC0 /* libsmq.dylib */ = {isa = PBXFileReference; explicitFileType = "compiled.mach-o.dylib"; includeInIndex = 0; path = libsmq.dylib; sourceTree = BUILT_PRODUCTS_DIR; };
		4EF8752F207838C8008A230F /* Makefile.linux.gcc */ = {isa = PBXFileReference; fileEncoding = 4; lastKnownFileType = text; path = Makefile.linux.gcc; sourceTree = "<group>"; };
		4EF87530207838C8008A230F /* LICENSE */ = {isa = PBXFileReference; fileEncoding = 4; lastKnownFileType = text; path = LICENSE; sourceTree = "<group>"; };
		4EF87531207838C8008A230F /* smq_inst.h */ = {isa = PBXFileReference; fileEncoding = 4; lastKnownFileType = sourcecode.c.h; path = smq_inst.h; sourceTree = "<group>"; };
		4EF87532207838C8008A230F /* smq_limit.h */ = {isa = PBXFileReference; fileEncoding = 4; lastKnownFileType = sourcecode.c.h; path = smq_limit.h; sourceTree = "<group>"; };
		4EF87533207838C8008A230F /* smq_errors.c */ = {isa = PBXFileReference; fileEncoding = 4; lastKnownFileType = sourcecode.c.c; path = smq_errors.c; sourceTree = "<group>"; };
		4EF87535207838C9008A230F /* smq_logs.h */ = {isa = PBXFileReference; fileEncoding = 4; lastKnownFileType = sourcecode.c.h; path = smq_logs.h; sourceTree = "<group>"; };
		4EF87536207838C9008A230F /* CMakeLists.txt */ = {isa = PBXFileReference; fileEncoding = 4; lastKnownFileType = text; path = CMakeLists.txt; sourceTree = "<group>"; };
		4EF87537207838C9008A230F /* configure */ = {isa = PBXFileReference; fileEncoding = 4; lastKnownFileType = text; path = configure; sourceTree = "<group>"; };
		4EF87538207838C9008A230F /* smq_asserts.h */ = {isa = PBXFileReference; fileEncoding = 4; lastKnownFileType = sourcecode.c.h; path = smq_asserts.h; sourceTree = "<group>"; };
		4EF8753C207838CA008A230F /* smq_jni.h */ = {isa = PBXFileReference; fileEncoding = 4; lastKnownFileType = sourcecode.c.h; path = smq_jni.h; sourceTree = "<group>"; };
		4EF8753D207838CA008A230F /* smq_jni.c */ = {isa = PBXFileReference; fileEncoding = 4; lastKnownFileType = sourcecode.c.c; path = smq_jni.c; sourceTree = "<group>"; };
		4EF8753E207838CA008A230F /* smq_logs.c */ = {isa = PBXFileReference; fileEncoding = 4; lastKnownFileType = sourcecode.c.c; path = smq_logs.c; sourceTree = "<group>"; };
		4EF87540207838CB008A230F /* smq_alignpop.h */ = {isa = PBXFileReference; fileEncoding = 4; lastKnownFileType = sourcecode.c.h; path = smq_alignpop.h; sourceTree = "<group>"; };
		4EF87541207838CB008A230F /* smq_res.h */ = {isa = PBXFileReference; fileEncoding = 4; lastKnownFileType = sourcecode.c.h; path = smq_res.h; sourceTree = "<group>"; };
		4EF87542207838CB008A230F /* smq_params.h */ = {isa = PBXFileReference; fileEncoding = 4; lastKnownFileType = sourcecode.c.h; path = smq_params.h; sourceTree = "<group>"; };
		4EF87543207838CB008A230F /* smq.h */ = {isa = PBXFileReference; fileEncoding = 4; lastKnownFileType = sourcecode.c.h; path = smq.h; sourceTree = "<group>"; };
		4EF87544207838CC008A230F /* smq_errors.h */ = {isa = PBXFileReference; fileEncoding = 4; lastKnownFileType = sourcecode.c.h; path = smq_errors.h; sourceTree = "<group>"; };
		4EF87545207838CC008A230F /* smq_alignpush.h */ = {isa = PBXFileReference; fileEncoding = 4; lastKnownFileType = sourcecode.c.h; path = smq_alignpush.h; sourceTree = "<group>"; };
		4EF87546207838CC008A230F /* smq_libc.h */ = {isa = PBXFileReference; fileEncoding = 4; lastKnownFileType = sourcecode.c.h; path = smq_libc.h; sourceTree = "<group>"; };
		4EF87547207838CD008A230F /* smq_os.c */ = {isa = PBXFileReference; fileEncoding = 4; lastKnownFileType = sourcecode.c.c; path = smq_os.c; sourceTree = "<group>"; };
		4EF87548207838CD008A230F /* smq_params.c */ = {isa = PBXFileReference; fileEncoding = 4; lastKnownFileType = sourcecode.c.c; path = smq_params.c; sourceTree = "<group>"; };
		4EF87552207838CE008A230F /* os.h */ = {isa = PBXFileReference; fileEncoding = 4; lastKnownFileType = sourcecode.c.h; path = os.h; sourceTree = "<group>"; };
		4EF87553207838CE008A230F /* os.c.inc */ = {isa = PBXFileReference; fileEncoding = 4; lastKnownFileType = sourcecode.pascal; path = os.c.inc; sourceTree = "<group>"; };
		4EF87558207838CE008A230F /* smq_utils.c */ = {isa = PBXFileReference; fileEncoding = 4; lastKnownFileType = sourcecode.c.c; path = smq_utils.c; sourceTree = "<group>"; };
		4EF87559207838CE008A230F /* smq_utils.h */ = {isa = PBXFileReference; fileEncoding = 4; lastKnownFileType = sourcecode.c.h; path = smq_utils.h; sourceTree = "<group>"; };
		4EF8755B207838CF008A230F /* smq_msg.c */ = {isa = PBXFileReference; fileEncoding = 4; lastKnownFileType = sourcecode.c.c; path = smq_msg.c; sourceTree = "<group>"; };
		4EF8755C207838D0008A230F /* Makefile.win.msvc */ = {isa = PBXFileReference; fileEncoding = 4; lastKnownFileType = text; path = Makefile.win.msvc; sourceTree = "<group>"; };
		4EF87570207838D1008A230F /* smq_os.h */ = {isa = PBXFileReference; fileEncoding = 4; lastKnownFileType = sourcecode.c.h; path = smq_os.h; sourceTree = "<group>"; };
		4EF87571207838D1008A230F /* README.md */ = {isa = PBXFileReference; fileEncoding = 4; lastKnownFileType = net.daringfireball.markdown; path = README.md; sourceTree = "<group>"; };
		4EF87573207838D2008A230F /* VERSION */ = {isa = PBXFileReference; fileEncoding = 4; lastKnownFileType = text; path = VERSION; sourceTree = "<group>"; };
		4EF87574207838D3008A230F /* smq_inst.c */ = {isa = PBXFileReference; fileEncoding = 4; lastKnownFileType = sourcecode.c.c; path = smq_inst.c; sourceTree = "<group>"; };
/* End PBXFileReference section */

/* Begin PBXFrameworksBuildPhase section */
		4E183DCE20710D9D00252AC0 /* Frameworks */ = {
			isa = PBXFrameworksBuildPhase;
			buildActionMask = 2147483647;
			files = (
			);
			runOnlyForDeploymentPostprocessing = 0;
		};
/* End PBXFrameworksBuildPhase section */

/* Begin PBXGroup section */
		4E183DC820710D9D00252AC0 = {
			isa = PBXGroup;
			children = (
				4EF87536207838C9008A230F /* CMakeLists.txt */,
				4EF87537207838C9008A230F /* configure */,
				4EF8753B207838CA008A230F /* jni */,
				4EF87530207838C8008A230F /* LICENSE */,
				4EF8752F207838C8008A230F /* Makefile.linux.gcc */,
				4EF8755C207838D0008A230F /* Makefile.win.msvc */,
				4EF87549207838CE008A230F /* os */,
				4EF87571207838D1008A230F /* README.md */,
				4EF87540207838CB008A230F /* smq_alignpop.h */,
				4EF87545207838CC008A230F /* smq_alignpush.h */,
				4EF87538207838C9008A230F /* smq_asserts.h */,
				4EF87533207838C8008A230F /* smq_errors.c */,
				4EF87544207838CC008A230F /* smq_errors.h */,
				4EF87574207838D3008A230F /* smq_inst.c */,
				4EF87531207838C8008A230F /* smq_inst.h */,
				4EF87546207838CC008A230F /* smq_libc.h */,
				4EF87532207838C8008A230F /* smq_limit.h */,
				4EF8753E207838CA008A230F /* smq_logs.c */,
				4EF87535207838C9008A230F /* smq_logs.h */,
				4EF8755B207838CF008A230F /* smq_msg.c */,
				4EF87547207838CD008A230F /* smq_os.c */,
				4EF87570207838D1008A230F /* smq_os.h */,
				4EF87548207838CD008A230F /* smq_params.c */,
				4EF87542207838CB008A230F /* smq_params.h */,
				4EF87541207838CB008A230F /* smq_res.h */,
				4EF87558207838CE008A230F /* smq_utils.c */,
				4EF87559207838CE008A230F /* smq_utils.h */,
				4EF87543207838CB008A230F /* smq.h */,
				4EF87573207838D2008A230F /* VERSION */,
				4E183DD220710D9D00252AC0 /* Products */,
			);
			sourceTree = "<group>";
		};
		4E183DD220710D9D00252AC0 /* Products */ = {
			isa = PBXGroup;
			children = (
				4E183DD120710D9D00252AC0 /* libsmq.dylib */,
			);
			name = Products;
			sourceTree = "<group>";
		};
		4EF8753B207838CA008A230F /* jni */ = {
			isa = PBXGroup;
			children = (
				4EF8753C207838CA008A230F /* smq_jni.h */,
				4EF8753D207838CA008A230F /* smq_jni.c */,
			);
			path = jni;
			sourceTree = "<group>";
		};
		4EF87549207838CE008A230F /* os */ = {
			isa = PBXGroup;
			children = (
				4EF87551207838CE008A230F /* osx.clang */,
			);
			path = os;
			sourceTree = "<group>";
		};
		4EF87551207838CE008A230F /* osx.clang */ = {
			isa = PBXGroup;
			children = (
				4EF87552207838CE008A230F /* os.h */,
				4EF87553207838CE008A230F /* os.c.inc */,
			);
			path = osx.clang;
			sourceTree = "<group>";
		};
/* End PBXGroup section */

/* Begin PBXHeadersBuildPhase section */
		4E183DCF20710D9D00252AC0 /* Headers */ = {
			isa = PBXHeadersBuildPhase;
			buildActionMask = 2147483647;
			files = (
				4EF87580207838D3008A230F /* smq.h in Headers */,
				4EF8757E207838D3008A230F /* smq_res.h in Headers */,
				4EF8758F207838D3008A230F /* smq_utils.h in Headers */,
				4EF87579207838D3008A230F /* smq_asserts.h in Headers */,
				4EF87582207838D3008A230F /* smq_alignpush.h in Headers */,
				4EF87581207838D3008A230F /* smq_errors.h in Headers */,
				4EF87576207838D3008A230F /* smq_limit.h in Headers */,
				4EF87583207838D3008A230F /* smq_libc.h in Headers */,
				4EF87578207838D3008A230F /* smq_logs.h in Headers */,
				4EF8757A207838D3008A230F /* smq_jni.h in Headers */,
				4EF8757D207838D3008A230F /* smq_alignpop.h in Headers */,
				4EF87594207838D3008A230F /* smq_os.h in Headers */,
				4EF8757F207838D3008A230F /* smq_params.h in Headers */,
				4EF8758A207838D3008A230F /* os.h in Headers */,
				4EF87575207838D3008A230F /* smq_inst.h in Headers */,
			);
			runOnlyForDeploymentPostprocessing = 0;
		};
/* End PBXHeadersBuildPhase section */

/* Begin PBXNativeTarget section */
		4E183DD020710D9D00252AC0 /* smq */ = {
			isa = PBXNativeTarget;
			buildConfigurationList = 4E183DD520710D9D00252AC0 /* Build configuration list for PBXNativeTarget "smq" */;
			buildPhases = (
				4E183DCD20710D9D00252AC0 /* Sources */,
				4E183DCE20710D9D00252AC0 /* Frameworks */,
				4E183DCF20710D9D00252AC0 /* Headers */,
			);
			buildRules = (
			);
			dependencies = (
			);
			name = smq;
			productName = smq;
			productReference = 4E183DD120710D9D00252AC0 /* libsmq.dylib */;
			productType = "com.apple.product-type.library.dynamic";
		};
/* End PBXNativeTarget section */

/* Begin PBXProject section */
		4E183DC920710D9D00252AC0 /* Project object */ = {
			isa = PBXProject;
			attributes = {
				LastUpgradeCheck = 0920;
				ORGANIZATIONNAME = luolijun;
				TargetAttributes = {
					4E183DD020710D9D00252AC0 = {
						CreatedOnToolsVersion = 9.2;
						ProvisioningStyle = Automatic;
					};
				};
			};
			buildConfigurationList = 4E183DCC20710D9D00252AC0 /* Build configuration list for PBXProject "smq" */;
			compatibilityVersion = "Xcode 8.0";
			developmentRegion = en;
			hasScannedForEncodings = 0;
			knownRegions = (
				en,
			);
			mainGroup = 4E183DC820710D9D00252AC0;
			productRefGroup = 4E183DD220710D9D00252AC0 /* Products */;
			projectDirPath = "";
			projectRoot = "";
			targets = (
				4E183DD020710D9D00252AC0 /* smq */,
			);
		};
/* End PBXProject section */

/* Begin PBXSourcesBuildPhase section */
		4E183DCD20710D9D00252AC0 /* Sources */ = {
			isa = PBXSourcesBuildPhase;
			buildActionMask = 2147483647;
			files = (
				4EF87585207838D3008A230F /* smq_params.c in Sources */,
				4EF87595207838D3008A230F /* smq_inst.c in Sources */,
				4EF8757C207838D3008A230F /* smq_logs.c in Sources */,
				4EF8758B207838D3008A230F /* os.c.inc in Sources */,
				4EF87577207838D3008A230F /* smq_errors.c in Sources */,
				4EF87590207838D3008A230F /* smq_msg.c in Sources */,
				4EF8757B207838D3008A230F /* smq_jni.c in Sources */,
				4EF87584207838D3008A230F /* smq_os.c in Sources */,
				4EF8758E207838D3008A230F /* smq_utils.c in Sources */,
			);
			runOnlyForDeploymentPostprocessing = 0;
		};
/* End PBXSourcesBuildPhase section */

/* Begin XCBuildConfiguration section */
		4E183DD320710D9D00252AC0 /* Debug */ = {
			isa = XCBuildConfiguration;
			buildSettings = {
				ALWAYS_SEARCH_USER_PATHS = NO;
				CLANG_ANALYZER_NONNULL = YES;
				CLANG_ANALYZER_NUMBER_OBJECT_CONVERSION = YES_AGGRESSIVE;
				CLANG_CXX_LANGUAGE_STANDARD = "gnu++14";
				CLANG_CXX_LIBRARY = "libc++";
				CLANG_ENABLE_MODULES = YES;
				CLANG_ENABLE_OBJC_ARC = YES;
				CLANG_WARN_BLOCK_CAPTURE_AUTORELEASING = YES;
				CLANG_WARN_BOOL_CONVERSION = YES;
				CLANG_WARN_COMMA = YES;
				CLANG_WARN_CONSTANT_CONVERSION = YES;
				CLANG_WARN_DIRECT_OBJC_ISA_USAGE = YES_ERROR;
				CLANG_WARN_DOCUMENTATION_COMMENTS = YES;
				CLANG_WARN_EMPTY_BODY = YES;
				CLANG_WARN_ENUM_CONVERSION = YES;
				CLANG_WARN_INFINITE_RECURSION = YES;
				CLANG_WARN_INT_CONVERSION = YES;
				CLANG_WARN_NON_LITERAL_NULL_CONVERSION = YES;
				CLANG_WARN_OBJC_LITERAL_CONVERSION = YES;
				CLANG_WARN_OBJC_ROOT_CLASS = YES_ERROR;
				CLANG_WARN_RANGE_LOOP_ANALYSIS = YES;
				CLANG_WARN_STRICT_PROTOTYPES = YES;
				CLANG_WARN_SUSPICIOUS_MOVE = YES;
				CLANG_WARN_UNGUARDED_AVAILABILITY = YES_AGGRESSIVE;
				CLANG_WARN_UNREACHABLE_CODE = YES;
				CLANG_WARN__DUPLICATE_METHOD_MATCH = YES;
				CODE_SIGN_IDENTITY = "-";
				COPY_PHASE_STRIP = NO;
				DEBUG_INFORMATION_FORMAT = dwarf;
				ENABLE_STRICT_OBJC_MSGSEND = YES;
				ENABLE_TESTABILITY = YES;
				GCC_C_LANGUAGE_STANDARD = gnu11;
				GCC_DYNAMIC_NO_PIC = NO;
				GCC_NO_COMMON_BLOCKS = YES;
				GCC_OPTIMIZATION_LEVEL = 0;
				GCC_PREPROCESSOR_DEFINITIONS = (
					"DEBUG=1",
					"$(inherited)",
				);
				GCC_WARN_64_TO_32_BIT_CONVERSION = YES;
				GCC_WARN_ABOUT_RETURN_TYPE = YES_ERROR;
				GCC_WARN_UNDECLARED_SELECTOR = YES;
				GCC_WARN_UNINITIALIZED_AUTOS = YES_AGGRESSIVE;
				GCC_WARN_UNUSED_FUNCTION = YES;
				GCC_WARN_UNUSED_VARIABLE = YES;
				MACOSX_DEPLOYMENT_TARGET = 10.13;
				MTL_ENABLE_DEBUG_INFO = YES;
				ONLY_ACTIVE_ARCH = YES;
				SDKROOT = macosx;
			};
			name = Debug;
		};
		4E183DD420710D9D00252AC0 /* Release */ = {
			isa = XCBuildConfiguration;
			buildSettings = {
				ALWAYS_SEARCH_USER_PATHS = NO;
				CLANG_ANALYZER_NONNULL = YES;
				CLANG_ANALYZER_NUMBER_OBJECT_CONVERSION = YES_AGGRESSIVE;
				CLANG_CXX_LANGUAGE_STANDARD = "gnu++14";
				CLANG_CXX_LIBRARY = "libc++";
				CLANG_ENABLE_MODULES = YES;
				CLANG_ENABLE_OBJC_ARC = YES;
				CLANG_WARN_BLOCK_CAPTURE_AUTORELEASING = YES;
				CLANG_WARN_BOOL_CONVERSION = YES;
				CLANG_WARN_COMMA = YES;
				CLANG_WARN_CONSTANT_CONVERSION = YES;
				CLANG_WARN_DIRECT_OBJC_ISA_USAGE = YES_ERROR;
				CLANG_WARN_DOCUMENTATION_COMMENTS = YES;
				CLANG_WARN_EMPTY_BODY = YES;
				CLANG_WARN_ENUM_CONVERSION = YES;
				CLANG_WARN_INFINITE_RECURSION = YES;
				CLANG_WARN_INT_CONVERSION = YES;
				CLANG_WARN_NON_LITERAL_NULL_CONVERSION = YES;
				CLANG_WARN_OBJC_LITERAL_CONVERSION = YES;
				CLANG_WARN_OBJC_ROOT_CLASS = YES_ERROR;
				CLANG_WARN_RANGE_LOOP_ANALYSIS = YES;
				CLANG_WARN_STRICT_PROTOTYPES = YES;
				CLANG_WARN_SUSPICIOUS_MOVE = YES;
				CLANG_WARN_UNGUARDED_AVAILABILITY = YES_AGGRESSIVE;
				CLANG_WARN_UNREACHABLE_CODE = YES;
				CLANG_WARN__DUPLICATE_METHOD_MATCH = YES;
				CODE_SIGN_IDENTITY = "-";
				COPY_PHASE_STRIP = NO;
				DEBUG_INFORMATION_FORMAT = "dwarf-with-dsym";
				ENABLE_NS_ASSERTIONS = NO;
				ENABLE_STRICT_OBJC_MSGSEND = YES;
				GCC_C_LANGUAGE_STANDARD = gnu11;
				GCC_NO_COMMON_BLOCKS = YES;
				GCC_WARN_64_TO_32_BIT_CONVERSION = YES;
				GCC_WARN_ABOUT_RETURN_TYPE = YES_ERROR;
				GCC_WARN_UNDECLARED_SELECTOR = YES;
				GCC_WARN_UNINITIALIZED_AUTOS = YES_AGGRESSIVE;
				GCC_WARN_UNUSED_FUNCTION = YES;
				GCC_WARN_UNUSED_VARIABLE = YES;
				MACOSX_DEPLOYMENT_TARGET = 10.13;
				MTL_ENABLE_DEBUG_INFO = NO;
				SDKROOT = macosx;
			};
			name = Release;
		};
		4E183DD620710D9D00252AC0 /* Debug */ = {
			isa = XCBuildConfiguration;
			buildSettings = {
				CODE_SIGN_STYLE = Automatic;
				DYLIB_COMPATIBILITY_VERSION = 1;
				DYLIB_CURRENT_VERSION = 1;
				EXECUTABLE_PREFIX = lib;
				PRODUCT_NAME = "$(TARGET_NAME)";
			};
			name = Debug;
		};
		4E183DD720710D9D00252AC0 /* Release */ = {
			isa = XCBuildConfiguration;
			buildSettings = {
				CODE_SIGN_STYLE = Automatic;
				DYLIB_COMPATIBILITY_VERSION = 1;
				DYLIB_CURRENT_VERSION = 1;
				EXECUTABLE_PREFIX = lib;
				PRODUCT_NAME = "$(TARGET_NAME)";
			};
			name = Release;
		};
/* End XCBuildConfiguration section */

/* Begin XCConfigurationList section */
		4E183DCC20710D9D00252AC0 /* Build configuration list for PBXProject "smq" */ = {
			isa = XCConfigurationList;
			buildConfigurations = (
				4E183DD320710D9D00252AC0 /* Debug */,
				4E183DD420710D9D00252AC0 /* Release */,
			);
			defaultConfigurationIsVisible = 0;
			defaultConfigurationName = Release;
		};
		4E183DD520710D9D00252AC0 /* Build configuration list for PBXNativeTarget "smq" */ = {
			isa = XCConfigurationList;
			buildConfigurations = (
				4E183DD620710D9D00252AC0 /* Debug */,
				4E183DD720710D9D00252AC0 /* Release */,
			);
			defaultConfigurationIsVisible = 0;
			defaultConfigurationName = Release;
		};
/* End XCConfigurationList section */
	};
	rootObject = 4E183DC920710D9D00252AC0 /* Project object */;
}
